
Microsoft Visual Studio Solution File, Format Version 12.00
# Visual Studio Version 17
VisualStudioVersion = 17.10.34928.147
MinimumVisualStudioVersion = 10.0.40219.1
Project("{9A19103F-16F7-4668-BE54-9A1E7A4F7556}") = "week2_Task", "week2_Task.csproj", "{BDD247C6-4AD9-4A5B-8839-EB0047508C05}"
EndProject
Project("{9A19103F-16F7-4668-BE54-9A1E7A4F7556}") = "TestPayment", "TestPayment\TestPayment.csproj", "{15665966-5130-4A07-8ABD-86F3083228BF}"
EndProject
Global
	GlobalSection(SolutionConfigurationPlatforms) = preSolution
		Debug|Any CPU = Debug|Any CPU
		Release|Any CPU = Release|Any CPU
	EndGlobalSection
	GlobalSection(ProjectConfigurationPlatforms) = postSolution
		{BDD247C6-4AD9-4A5B-8839-EB0047508C05}.Debug|Any CPU.ActiveCfg = Debug|Any CPU
		{BDD247C6-4AD9-4A5B-8839-EB0047508C05}.Debug|Any CPU.Build.0 = Debug|Any CPU
		{BDD247C6-4AD9-4A5B-8839-EB0047508C05}.Release|Any CPU.ActiveCfg = Release|Any CPU
		{BDD247C6-4AD9-4A5B-8839-EB0047508C05}.Release|Any CPU.Build.0 = Release|Any CPU
		{15665966-5130-4A07-8ABD-86F3083228BF}.Debug|Any CPU.ActiveCfg = Debug|Any CPU
		{15665966-5130-4A07-8ABD-86F3083228BF}.Debug|Any CPU.Build.0 = Debug|Any CPU
		{15665966-5130-4A07-8ABD-86F3083228BF}.Release|Any CPU.ActiveCfg = Release|Any CPU
		{15665966-5130-4A07-8ABD-86F3083228BF}.Release|Any CPU.Build.0 = Release|Any CPU
	EndGlobalSection
	GlobalSection(SolutionProperties) = preSolution
		HideSolutionNode = FALSE
	EndGlobalSection
	GlobalSection(ExtensibilityGlobals) = postSolution
		SolutionGuid = {E8BCCE17-E7E4-4F3A-9D8D-0CA71893BAE1}
	EndGlobalSection
EndGlobal
